
Microsoft Visual Studio Solution File, Format Version 12.00
# Visual Studio Version 17
VisualStudioVersion = 17.11.35222.181
MinimumVisualStudioVersion = 10.0.40219.1
Project("{2150E333-8FDC-42A3-9474-1A3956D46DE8}") = "Task0", "Task0", "{FA3F3797-FE31-4E9F-9D7D-DB7C197E3070}"
EndProject
Project("{9A19103F-16F7-4668-BE54-9A1E7A4F7556}") = "Tyuiu.KarandaAR.Sprint3.Task0.V9", "Tyuiu.KarandaAR.Sprint3.Task0.V9\Tyuiu.KarandaAR.Sprint3.Task0.V9.csproj", "{80EB77C7-17E8-48FF-85BA-E50A04EA2227}"
EndProject
Project("{9A19103F-16F7-4668-BE54-9A1E7A4F7556}") = "Tyuiu.KarandaAR.Sprint3.Task0.V9.Lib", "Tyuiu.KarandaAR.Sprint3.Task0.V9.Lib\Tyuiu.KarandaAR.Sprint3.Task0.V9.Lib.csproj", "{0949DD4A-FCDD-4F81-9F99-0DA1A7E636AC}"
EndProject
Project("{9A19103F-16F7-4668-BE54-9A1E7A4F7556}") = "Tyuiu.KarandaAR.Sprint3.Task0.V9.Test", "Tyuiu.KarandaAR.Sprint3.Task0.V9.Test\Tyuiu.KarandaAR.Sprint3.Task0.V9.Test.csproj", "{689FFC42-0610-47BF-A122-397A4B27E819}"
EndProject
Project("{2150E333-8FDC-42A3-9474-1A3956D46DE8}") = "Task1", "Task1", "{EFA2586E-4B8A-4A2D-9B14-52C46A908379}"
EndProject
Project("{9A19103F-16F7-4668-BE54-9A1E7A4F7556}") = "Tyuiu.KarandaAR.Sprint3.Task1.V9", "Tyuiu.KarandaAR.Sprint3.Task1.V9\Tyuiu.KarandaAR.Sprint3.Task1.V9.csproj", "{8B6C0265-DBC8-4F24-8AE7-278C9C1254AB}"
EndProject
Project("{9A19103F-16F7-4668-BE54-9A1E7A4F7556}") = "Tyuiu.KarandaAR.Sprint3.Task1.V9.Lib", "Tyuiu.KarandaAR.Sprint3.Task1.V9.Lib\Tyuiu.KarandaAR.Sprint3.Task1.V9.Lib.csproj", "{FAD7AC85-DDF8-4F43-B5A9-D2CDD9EF3813}"
EndProject
Project("{9A19103F-16F7-4668-BE54-9A1E7A4F7556}") = "Tyuiu.KarandaAR.Sprint3.Task1.V9.Test", "Tyuiu.KarandaAR.Sprint3.Task1.V9.Test\Tyuiu.KarandaAR.Sprint3.Task1.V9.Test.csproj", "{BA298652-23C0-4B13-A651-8CD4620A2623}"
EndProject
Project("{2150E333-8FDC-42A3-9474-1A3956D46DE8}") = "Task2", "Task2", "{04742D9E-EE72-4AF2-9DF2-3AADD8F412D6}"
EndProject
Project("{9A19103F-16F7-4668-BE54-9A1E7A4F7556}") = "Tyuiu.KarandaAR.Sprint3.Task2.V12", "Tyuiu.KarandaAR.Sprint3.Task2.V12\Tyuiu.KarandaAR.Sprint3.Task2.V12.csproj", "{89AA1D09-5211-4E3F-8706-3C4C57BF028C}"
EndProject
Project("{9A19103F-16F7-4668-BE54-9A1E7A4F7556}") = "Tyuiu.KarandaAR.Sprint3.Task2.V12.Lib", "Tyuiu.KarandaAR.Sprint3.Task2.V12.Lib\Tyuiu.KarandaAR.Sprint3.Task2.V12.Lib.csproj", "{C27C3D26-3E41-442F-B1DE-ED27066A7984}"
EndProject
Project("{9A19103F-16F7-4668-BE54-9A1E7A4F7556}") = "Tyuiu.KarandaAR.Sprint3.Task2.V12.Test", "Tyuiu.KarandaAR.Sprint3.Task2.V12.Test\Tyuiu.KarandaAR.Sprint3.Task2.V12.Test.csproj", "{74C9F2BD-54DD-429D-9658-90E268669104}"
EndProject
Project("{2150E333-8FDC-42A3-9474-1A3956D46DE8}") = "Task3", "Task3", "{D2579A89-0334-4AE6-873E-AED789F11EDF}"
EndProject
Project("{9A19103F-16F7-4668-BE54-9A1E7A4F7556}") = "Tyuiu.KarandaAR.Sprint3.Task3.V18", "Tyuiu.KarandaAR.Sprint3.Task3.V18\Tyuiu.KarandaAR.Sprint3.Task3.V18.csproj", "{C659A650-22F2-41E1-BF45-5A7BBDB7CC0C}"
EndProject
Project("{9A19103F-16F7-4668-BE54-9A1E7A4F7556}") = "Tyuiu.KarandaAR.Sprint3.Task3.V18.Lib", "Tyuiu.KarandaAR.Sprint3.Task3.V18.Lib\Tyuiu.KarandaAR.Sprint3.Task3.V18.Lib.csproj", "{FF7E7B5D-854B-4F65-BB37-0E22B98B6D59}"
EndProject
Project("{9A19103F-16F7-4668-BE54-9A1E7A4F7556}") = "Tyuiu.KarandaAR.Sprint3.Task3.V18.Test", "Tyuiu.KarandaAR.Sprint3.Task3.V18.Test\Tyuiu.KarandaAR.Sprint3.Task3.V18.Test.csproj", "{27A3B97A-74A8-4ADC-A006-48835506DF63}"
EndProject
Project("{2150E333-8FDC-42A3-9474-1A3956D46DE8}") = "Task4", "Task4", "{C474DCF1-9541-481A-A7E2-26164B0B044D}"
EndProject
Project("{FAE04EC0-301F-11D3-BF4B-00C04F79EFBC}") = "Tyuiu.KarandaAR.Sprint3.Task4.V20", "Tyuiu.KarandaAR.Sprint3.Task4.V20\Tyuiu.KarandaAR.Sprint3.Task4.V20.csproj", "{BB1709D8-9601-4DB6-91F9-D4AF900CF120}"
EndProject
Project("{FAE04EC0-301F-11D3-BF4B-00C04F79EFBC}") = "Tyuiu.KarandaAR.Sprint3.Task4.V20.Lib", "Tyuiu.KarandaAR.Sprint3.Task4.V20.Lib\Tyuiu.KarandaAR.Sprint3.Task4.V20.Lib.csproj", "{AD8A341F-0021-42AF-A50F-CD932CECEE51}"
EndProject
Project("{FAE04EC0-301F-11D3-BF4B-00C04F79EFBC}") = "Tyuiu.KarandaAR.Sprint3.Task4.V20.Test", "Tyuiu.KarandaAR.Sprint3.Task4.V20.Test\Tyuiu.KarandaAR.Sprint3.Task4.V20.Test.csproj", "{21C5B00F-8002-4D3B-80B7-0F61D7088B8B}"
EndProject
Project("{2150E333-8FDC-42A3-9474-1A3956D46DE8}") = "Task5", "Task5", "{D1EA9F4C-65F8-4B4B-947D-A57ED9200934}"
EndProject
Project("{FAE04EC0-301F-11D3-BF4B-00C04F79EFBC}") = "Tyuiu.KarandaAR.Sprint3.Task5.V7", "Tyuiu.KarandaAR.Sprint3.Task5.V7\Tyuiu.KarandaAR.Sprint3.Task5.V7.csproj", "{CD4FB51A-1DD2-428B-A256-9A75724FD919}"
EndProject
Project("{FAE04EC0-301F-11D3-BF4B-00C04F79EFBC}") = "Tyuiu.KarandaAR.Sprint3.Task5.V7.Lib", "Tyuiu.KarandaAR.Sprint3.Task5.V7.Lib\Tyuiu.KarandaAR.Sprint3.Task5.V7.Lib.csproj", "{6C45BB54-1C5B-4F41-861C-1FE02B4708B0}"
EndProject
Project("{FAE04EC0-301F-11D3-BF4B-00C04F79EFBC}") = "Tyuiu.KarandaAR.Sprint3.Task5.V7.Test", "Tyuiu.KarandaAR.Sprint3.Task5.V7.Test\Tyuiu.KarandaAR.Sprint3.Task5.V7.Test.csproj", "{1B47B68D-C32C-4F99-9539-9ADA5C5F5A60}"
EndProject
Global
	GlobalSection(SolutionConfigurationPlatforms) = preSolution
		Debug|Any CPU = Debug|Any CPU
		Release|Any CPU = Release|Any CPU
	EndGlobalSection
	GlobalSection(ProjectConfigurationPlatforms) = postSolution
		{80EB77C7-17E8-48FF-85BA-E50A04EA2227}.Debug|Any CPU.ActiveCfg = Debug|Any CPU
		{80EB77C7-17E8-48FF-85BA-E50A04EA2227}.Debug|Any CPU.Build.0 = Debug|Any CPU
		{80EB77C7-17E8-48FF-85BA-E50A04EA2227}.Release|Any CPU.ActiveCfg = Release|Any CPU
		{80EB77C7-17E8-48FF-85BA-E50A04EA2227}.Release|Any CPU.Build.0 = Release|Any CPU
		{0949DD4A-FCDD-4F81-9F99-0DA1A7E636AC}.Debug|Any CPU.ActiveCfg = Debug|Any CPU
		{0949DD4A-FCDD-4F81-9F99-0DA1A7E636AC}.Debug|Any CPU.Build.0 = Debug|Any CPU
		{0949DD4A-FCDD-4F81-9F99-0DA1A7E636AC}.Release|Any CPU.ActiveCfg = Release|Any CPU
		{0949DD4A-FCDD-4F81-9F99-0DA1A7E636AC}.Release|Any CPU.Build.0 = Release|Any CPU
		{689FFC42-0610-47BF-A122-397A4B27E819}.Debug|Any CPU.ActiveCfg = Debug|Any CPU
		{689FFC42-0610-47BF-A122-397A4B27E819}.Debug|Any CPU.Build.0 = Debug|Any CPU
		{689FFC42-0610-47BF-A122-397A4B27E819}.Release|Any CPU.ActiveCfg = Release|Any CPU
		{689FFC42-0610-47BF-A122-397A4B27E819}.Release|Any CPU.Build.0 = Release|Any CPU
		{8B6C0265-DBC8-4F24-8AE7-278C9C1254AB}.Debug|Any CPU.ActiveCfg = Debug|Any CPU
		{8B6C0265-DBC8-4F24-8AE7-278C9C1254AB}.Debug|Any CPU.Build.0 = Debug|Any CPU
		{8B6C0265-DBC8-4F24-8AE7-278C9C1254AB}.Release|Any CPU.ActiveCfg = Release|Any CPU
		{8B6C0265-DBC8-4F24-8AE7-278C9C1254AB}.Release|Any CPU.Build.0 = Release|Any CPU
		{FAD7AC85-DDF8-4F43-B5A9-D2CDD9EF3813}.Debug|Any CPU.ActiveCfg = Debug|Any CPU
		{FAD7AC85-DDF8-4F43-B5A9-D2CDD9EF3813}.Debug|Any CPU.Build.0 = Debug|Any CPU
		{FAD7AC85-DDF8-4F43-B5A9-D2CDD9EF3813}.Release|Any CPU.ActiveCfg = Release|Any CPU
		{FAD7AC85-DDF8-4F43-B5A9-D2CDD9EF3813}.Release|Any CPU.Build.0 = Release|Any CPU
		{BA298652-23C0-4B13-A651-8CD4620A2623}.Debug|Any CPU.ActiveCfg = Debug|Any CPU
		{BA298652-23C0-4B13-A651-8CD4620A2623}.Debug|Any CPU.Build.0 = Debug|Any CPU
		{BA298652-23C0-4B13-A651-8CD4620A2623}.Release|Any CPU.ActiveCfg = Release|Any CPU
		{BA298652-23C0-4B13-A651-8CD4620A2623}.Release|Any CPU.Build.0 = Release|Any CPU
		{89AA1D09-5211-4E3F-8706-3C4C57BF028C}.Debug|Any CPU.ActiveCfg = Debug|Any CPU
		{89AA1D09-5211-4E3F-8706-3C4C57BF028C}.Debug|Any CPU.Build.0 = Debug|Any CPU
		{89AA1D09-5211-4E3F-8706-3C4C57BF028C}.Release|Any CPU.ActiveCfg = Release|Any CPU
		{89AA1D09-5211-4E3F-8706-3C4C57BF028C}.Release|Any CPU.Build.0 = Release|Any CPU
		{C27C3D26-3E41-442F-B1DE-ED27066A7984}.Debug|Any CPU.ActiveCfg = Debug|Any CPU
		{C27C3D26-3E41-442F-B1DE-ED27066A7984}.Debug|Any CPU.Build.0 = Debug|Any CPU
		{C27C3D26-3E41-442F-B1DE-ED27066A7984}.Release|Any CPU.ActiveCfg = Release|Any CPU
		{C27C3D26-3E41-442F-B1DE-ED27066A7984}.Release|Any CPU.Build.0 = Release|Any CPU
		{74C9F2BD-54DD-429D-9658-90E268669104}.Debug|Any CPU.ActiveCfg = Debug|Any CPU
		{74C9F2BD-54DD-429D-9658-90E268669104}.Debug|Any CPU.Build.0 = Debug|Any CPU
		{74C9F2BD-54DD-429D-9658-90E268669104}.Release|Any CPU.ActiveCfg = Release|Any CPU
		{74C9F2BD-54DD-429D-9658-90E268669104}.Release|Any CPU.Build.0 = Release|Any CPU
		{C659A650-22F2-41E1-BF45-5A7BBDB7CC0C}.Debug|Any CPU.ActiveCfg = Debug|Any CPU
		{C659A650-22F2-41E1-BF45-5A7BBDB7CC0C}.Debug|Any CPU.Build.0 = Debug|Any CPU
		{C659A650-22F2-41E1-BF45-5A7BBDB7CC0C}.Release|Any CPU.ActiveCfg = Release|Any CPU
		{C659A650-22F2-41E1-BF45-5A7BBDB7CC0C}.Release|Any CPU.Build.0 = Release|Any CPU
		{FF7E7B5D-854B-4F65-BB37-0E22B98B6D59}.Debug|Any CPU.ActiveCfg = Debug|Any CPU
		{FF7E7B5D-854B-4F65-BB37-0E22B98B6D59}.Debug|Any CPU.Build.0 = Debug|Any CPU
		{FF7E7B5D-854B-4F65-BB37-0E22B98B6D59}.Release|Any CPU.ActiveCfg = Release|Any CPU
		{FF7E7B5D-854B-4F65-BB37-0E22B98B6D59}.Release|Any CPU.Build.0 = Release|Any CPU
		{27A3B97A-74A8-4ADC-A006-48835506DF63}.Debug|Any CPU.ActiveCfg = Debug|Any CPU
		{27A3B97A-74A8-4ADC-A006-48835506DF63}.Debug|Any CPU.Build.0 = Debug|Any CPU
		{27A3B97A-74A8-4ADC-A006-48835506DF63}.Release|Any CPU.ActiveCfg = Release|Any CPU
		{27A3B97A-74A8-4ADC-A006-48835506DF63}.Release|Any CPU.Build.0 = Release|Any CPU
		{BB1709D8-9601-4DB6-91F9-D4AF900CF120}.Debug|Any CPU.ActiveCfg = Debug|Any CPU
		{BB1709D8-9601-4DB6-91F9-D4AF900CF120}.Debug|Any CPU.Build.0 = Debug|Any CPU
		{BB1709D8-9601-4DB6-91F9-D4AF900CF120}.Release|Any CPU.ActiveCfg = Release|Any CPU
		{BB1709D8-9601-4DB6-91F9-D4AF900CF120}.Release|Any CPU.Build.0 = Release|Any CPU
		{AD8A341F-0021-42AF-A50F-CD932CECEE51}.Debug|Any CPU.ActiveCfg = Debug|Any CPU
		{AD8A341F-0021-42AF-A50F-CD932CECEE51}.Debug|Any CPU.Build.0 = Debug|Any CPU
		{AD8A341F-0021-42AF-A50F-CD932CECEE51}.Release|Any CPU.ActiveCfg = Release|Any CPU
		{AD8A341F-0021-42AF-A50F-CD932CECEE51}.Release|Any CPU.Build.0 = Release|Any CPU
		{21C5B00F-8002-4D3B-80B7-0F61D7088B8B}.Debug|Any CPU.ActiveCfg = Debug|Any CPU
		{21C5B00F-8002-4D3B-80B7-0F61D7088B8B}.Debug|Any CPU.Build.0 = Debug|Any CPU
		{21C5B00F-8002-4D3B-80B7-0F61D7088B8B}.Release|Any CPU.ActiveCfg = Release|Any CPU
		{21C5B00F-8002-4D3B-80B7-0F61D7088B8B}.Release|Any CPU.Build.0 = Release|Any CPU
		{CD4FB51A-1DD2-428B-A256-9A75724FD919}.Debug|Any CPU.ActiveCfg = Debug|Any CPU
		{CD4FB51A-1DD2-428B-A256-9A75724FD919}.Debug|Any CPU.Build.0 = Debug|Any CPU
		{CD4FB51A-1DD2-428B-A256-9A75724FD919}.Release|Any CPU.ActiveCfg = Release|Any CPU
		{CD4FB51A-1DD2-428B-A256-9A75724FD919}.Release|Any CPU.Build.0 = Release|Any CPU
		{6C45BB54-1C5B-4F41-861C-1FE02B4708B0}.Debug|Any CPU.ActiveCfg = Debug|Any CPU
		{6C45BB54-1C5B-4F41-861C-1FE02B4708B0}.Debug|Any CPU.Build.0 = Debug|Any CPU
		{6C45BB54-1C5B-4F41-861C-1FE02B4708B0}.Release|Any CPU.ActiveCfg = Release|Any CPU
		{6C45BB54-1C5B-4F41-861C-1FE02B4708B0}.Release|Any CPU.Build.0 = Release|Any CPU
		{1B47B68D-C32C-4F99-9539-9ADA5C5F5A60}.Debug|Any CPU.ActiveCfg = Debug|Any CPU
		{1B47B68D-C32C-4F99-9539-9ADA5C5F5A60}.Debug|Any CPU.Build.0 = Debug|Any CPU
		{1B47B68D-C32C-4F99-9539-9ADA5C5F5A60}.Release|Any CPU.ActiveCfg = Release|Any CPU
		{1B47B68D-C32C-4F99-9539-9ADA5C5F5A60}.Release|Any CPU.Build.0 = Release|Any CPU
	EndGlobalSection
	GlobalSection(SolutionProperties) = preSolution
		HideSolutionNode = FALSE
	EndGlobalSection
	GlobalSection(NestedProjects) = preSolution
		{80EB77C7-17E8-48FF-85BA-E50A04EA2227} = {FA3F3797-FE31-4E9F-9D7D-DB7C197E3070}
		{0949DD4A-FCDD-4F81-9F99-0DA1A7E636AC} = {FA3F3797-FE31-4E9F-9D7D-DB7C197E3070}
		{689FFC42-0610-47BF-A122-397A4B27E819} = {FA3F3797-FE31-4E9F-9D7D-DB7C197E3070}
		{8B6C0265-DBC8-4F24-8AE7-278C9C1254AB} = {EFA2586E-4B8A-4A2D-9B14-52C46A908379}
		{FAD7AC85-DDF8-4F43-B5A9-D2CDD9EF3813} = {EFA2586E-4B8A-4A2D-9B14-52C46A908379}
		{BA298652-23C0-4B13-A651-8CD4620A2623} = {EFA2586E-4B8A-4A2D-9B14-52C46A908379}
		{89AA1D09-5211-4E3F-8706-3C4C57BF028C} = {04742D9E-EE72-4AF2-9DF2-3AADD8F412D6}
		{C27C3D26-3E41-442F-B1DE-ED27066A7984} = {04742D9E-EE72-4AF2-9DF2-3AADD8F412D6}
		{74C9F2BD-54DD-429D-9658-90E268669104} = {04742D9E-EE72-4AF2-9DF2-3AADD8F412D6}
		{C659A650-22F2-41E1-BF45-5A7BBDB7CC0C} = {D2579A89-0334-4AE6-873E-AED789F11EDF}
		{FF7E7B5D-854B-4F65-BB37-0E22B98B6D59} = {D2579A89-0334-4AE6-873E-AED789F11EDF}
		{27A3B97A-74A8-4ADC-A006-48835506DF63} = {D2579A89-0334-4AE6-873E-AED789F11EDF}
		{BB1709D8-9601-4DB6-91F9-D4AF900CF120} = {C474DCF1-9541-481A-A7E2-26164B0B044D}
		{AD8A341F-0021-42AF-A50F-CD932CECEE51} = {C474DCF1-9541-481A-A7E2-26164B0B044D}
		{21C5B00F-8002-4D3B-80B7-0F61D7088B8B} = {C474DCF1-9541-481A-A7E2-26164B0B044D}
		{CD4FB51A-1DD2-428B-A256-9A75724FD919} = {D1EA9F4C-65F8-4B4B-947D-A57ED9200934}
		{6C45BB54-1C5B-4F41-861C-1FE02B4708B0} = {D1EA9F4C-65F8-4B4B-947D-A57ED9200934}
		{1B47B68D-C32C-4F99-9539-9ADA5C5F5A60} = {D1EA9F4C-65F8-4B4B-947D-A57ED9200934}
	EndGlobalSection
	GlobalSection(ExtensibilityGlobals) = postSolution
		SolutionGuid = {BDAE3841-8745-4B09-B4AD-7C22A7D4B7E0}
	EndGlobalSection
EndGlobal
